{
  "name": "mini-test",
  "version": "1.0.0",
  "lockfileVersion": 1,
  "requires": true,
  "dependencies": {
    "js-base64": {
      "version": "2.5.1",
      "resolved": "http://registry.npm.taobao.org/js-base64/download/js-base64-2.5.1.tgz",
      "integrity": "sha1-Hvo57yxfeYC7F4St5KivLeMpESE="
    },
    "lin-ui": {
      "version": "0.4.4",
      "resolved": "https://registry.npm.taobao.org/lin-ui/download/lin-ui-0.4.4.tgz",
      "integrity": "sha1-4VhEW4GXG+6Wo4GTjwr/wKH6Qg8="
    }
  }
}
